
Microsoft Visual Studio Solution File, Format Version 12.00
# Visual Studio Version 17
VisualStudioVersion = 17.9.34728.123
MinimumVisualStudioVersion = 10.0.40219.1
Project("{FAE04EC0-301F-11D3-BF4B-00C04F79EFBC}") = "ChasChallengeGrp5.Server", "ChasChallengeGrp5.Server\ChasChallengeGrp5.Server.csproj", "{0DD02826-C319-491D-B918-226E886C98C9}"
EndProject
Project("{54A90642-561A-4BB1-A94E-469ADEE60C69}") = "chaschallengegrp5.client", "chaschallengegrp5.client\chaschallengegrp5.client.esproj", "{B4AFC76A-C3BD-4B34-8ECB-9089743BB516}"
EndProject
Global
	GlobalSection(SolutionConfigurationPlatforms) = preSolution
		Debug|Any CPU = Debug|Any CPU
		Release|Any CPU = Release|Any CPU
	EndGlobalSection
	GlobalSection(ProjectConfigurationPlatforms) = postSolution
		{0DD02826-C319-491D-B918-226E886C98C9}.Debug|Any CPU.ActiveCfg = Debug|Any CPU
		{0DD02826-C319-491D-B918-226E886C98C9}.Debug|Any CPU.Build.0 = Debug|Any CPU
		{0DD02826-C319-491D-B918-226E886C98C9}.Release|Any CPU.ActiveCfg = Release|Any CPU
		{0DD02826-C319-491D-B918-226E886C98C9}.Release|Any CPU.Build.0 = Release|Any CPU
		{B4AFC76A-C3BD-4B34-8ECB-9089743BB516}.Debug|Any CPU.ActiveCfg = Debug|Any CPU
		{B4AFC76A-C3BD-4B34-8ECB-9089743BB516}.Debug|Any CPU.Build.0 = Debug|Any CPU
		{B4AFC76A-C3BD-4B34-8ECB-9089743BB516}.Debug|Any CPU.Deploy.0 = Debug|Any CPU
		{B4AFC76A-C3BD-4B34-8ECB-9089743BB516}.Release|Any CPU.ActiveCfg = Release|Any CPU
		{B4AFC76A-C3BD-4B34-8ECB-9089743BB516}.Release|Any CPU.Build.0 = Release|Any CPU
		{B4AFC76A-C3BD-4B34-8ECB-9089743BB516}.Release|Any CPU.Deploy.0 = Release|Any CPU
	EndGlobalSection
	GlobalSection(SolutionProperties) = preSolution
		HideSolutionNode = FALSE
	EndGlobalSection
	GlobalSection(ExtensibilityGlobals) = postSolution
		SolutionGuid = {02562D1F-CC77-431B-9D6C-08C68531DF84}
	EndGlobalSection
EndGlobal
